
Microsoft Visual Studio Solution File, Format Version 12.00
# Visual Studio Version 16
VisualStudioVersion = 16.0.31112.23
MinimumVisualStudioVersion = 10.0.40219.1
Project("{9A19103F-16F7-4668-BE54-9A1E7A4F7556}") = "Procurement", "..\eprocurement\Procurement\Procurement.csproj", "{1FB28DA1-C91F-47FE-8417-D33B63483D8F}"
EndProject
Project("{9A19103F-16F7-4668-BE54-9A1E7A4F7556}") = "CustomRoles", "CustomRoles.csproj", "{65C9B260-33DB-4E22-8FA2-8A4639BB2C90}"
EndProject
Global
	GlobalSection(SolutionConfigurationPlatforms) = preSolution
		Debug|Any CPU = Debug|Any CPU
		Release|Any CPU = Release|Any CPU
	EndGlobalSection
	GlobalSection(ProjectConfigurationPlatforms) = postSolution
		{1FB28DA1-C91F-47FE-8417-D33B63483D8F}.Debug|Any CPU.ActiveCfg = Debug|Any CPU
		{1FB28DA1-C91F-47FE-8417-D33B63483D8F}.Debug|Any CPU.Build.0 = Debug|Any CPU
		{1FB28DA1-C91F-47FE-8417-D33B63483D8F}.Release|Any CPU.ActiveCfg = Release|Any CPU
		{1FB28DA1-C91F-47FE-8417-D33B63483D8F}.Release|Any CPU.Build.0 = Release|Any CPU
		{65C9B260-33DB-4E22-8FA2-8A4639BB2C90}.Debug|Any CPU.ActiveCfg = Debug|Any CPU
		{65C9B260-33DB-4E22-8FA2-8A4639BB2C90}.Debug|Any CPU.Build.0 = Debug|Any CPU
		{65C9B260-33DB-4E22-8FA2-8A4639BB2C90}.Release|Any CPU.ActiveCfg = Release|Any CPU
		{65C9B260-33DB-4E22-8FA2-8A4639BB2C90}.Release|Any CPU.Build.0 = Release|Any CPU
	EndGlobalSection
	GlobalSection(SolutionProperties) = preSolution
		HideSolutionNode = FALSE
	EndGlobalSection
	GlobalSection(ExtensibilityGlobals) = postSolution
		SolutionGuid = {FD5D3B5E-AE0A-49EE-9578-6E9FAC42F9B0}
	EndGlobalSection
EndGlobal
